
Microsoft Visual Studio Solution File, Format Version 12.00
# Visual Studio 14
VisualStudioVersion = 14.0.25420.1
MinimumVisualStudioVersion = 10.0.40219.1
Project("{FAE04EC0-301F-11D3-BF4B-00C04F79EFBC}") = "PRE_OutilComun_cpo", "PRE_OutilComun_cpo\PRE_OutilComun_cpo.csproj", "{FCA64FDE-B3C2-41CE-80AD-AA1AC2D12642}"
EndProject
Project("{2150E333-8FDC-42A3-9474-1A3956D46DE8}") = "Solution Items", "Solution Items", "{62A80E47-9673-447C-9A93-C12B93772FBA}"
	ProjectSection(SolutionItems) = preProject
		PRE_OutilComun_cpo.nuspec = PRE_OutilComun_cpo.nuspec
	EndProjectSection
EndProject
Global
	GlobalSection(SolutionConfigurationPlatforms) = preSolution
		Debug|Any CPU = Debug|Any CPU
		Release|Any CPU = Release|Any CPU
	EndGlobalSection
	GlobalSection(ProjectConfigurationPlatforms) = postSolution
		{FCA64FDE-B3C2-41CE-80AD-AA1AC2D12642}.Debug|Any CPU.ActiveCfg = Debug|Any CPU
		{FCA64FDE-B3C2-41CE-80AD-AA1AC2D12642}.Debug|Any CPU.Build.0 = Debug|Any CPU
		{FCA64FDE-B3C2-41CE-80AD-AA1AC2D12642}.Release|Any CPU.ActiveCfg = Release|Any CPU
		{FCA64FDE-B3C2-41CE-80AD-AA1AC2D12642}.Release|Any CPU.Build.0 = Release|Any CPU
	EndGlobalSection
	GlobalSection(SolutionProperties) = preSolution
		HideSolutionNode = FALSE
	EndGlobalSection
	GlobalSection(TeamFoundationVersionControl) = preSolution
		SccNumberOfProjects = 2
		SccEnterpriseProvider = {4CA58AB2-18FA-4F8D-95D4-32DDF27D184C}
		SccTeamFoundationServer = http://srv-tfs-appli.adprod.ramq.gov/tfs/ramq
		SccLocalPath0 = .
		SccProjectUniqueName1 = PRE_OutilComun_cpo\\PRE_OutilComun_cpo.csproj
		SccProjectName1 = PRE_OutilComun_cpo
		SccLocalPath1 = PRE_OutilComun_cpo
	EndGlobalSection
EndGlobal
